{
  "name": "@atek-cloud/api-broker",
  "version": "0.0.1",
  "lockfileVersion": 2,
  "requires": true,
  "packages": {
    "": {
      "name": "@atek-cloud/api-broker",
      "version": "0.0.1",
      "license": "MIT",
      "dependencies": {
        "json-pointer": "^0.6.1"
      },
      "devDependencies": {
        "typescript": "^4.3.5"
      }
    },
    "node_modules/foreach": {
      "version": "2.0.5",
      "resolved": "https://registry.npmjs.org/foreach/-/foreach-2.0.5.tgz",
      "integrity": "sha1-C+4AUBiusmDQo6865ljdATbsG5k="
    },
    "node_modules/json-pointer": {
      "version": "0.6.1",
      "resolved": "https://registry.npmjs.org/json-pointer/-/json-pointer-0.6.1.tgz",
      "integrity": "sha512-3OvjqKdCBvH41DLpV4iSt6v2XhZXV1bPB4OROuknvUXI7ZQNofieCPkmE26stEJ9zdQuvIxDHCuYhfgxFAAs+Q==",
      "dependencies": {
        "foreach": "^2.0.4"
      }
    },
    "node_modules/typescript": {
      "version": "4.3.5",
      "resolved": "https://registry.npmjs.org/typescript/-/typescript-4.3.5.tgz",
      "integrity": "sha512-DqQgihaQ9cUrskJo9kIyW/+g0Vxsk8cDtZ52a3NGh0YNTfpUSArXSohyUGnvbPazEPLu398C0UxmKSOrPumUzA==",
      "dev": true,
      "bin": {
        "tsc": "bin/tsc",
        "tsserver": "bin/tsserver"
      },
      "engines": {
        "node": ">=4.2.0"
      }
    }
  },
  "dependencies": {
    "foreach": {
      "version": "2.0.5",
      "resolved": "https://registry.npmjs.org/foreach/-/foreach-2.0.5.tgz",
      "integrity": "sha1-C+4AUBiusmDQo6865ljdATbsG5k="
    },
    "json-pointer": {
      "version": "0.6.1",
      "resolved": "https://registry.npmjs.org/json-pointer/-/json-pointer-0.6.1.tgz",
      "integrity": "sha512-3OvjqKdCBvH41DLpV4iSt6v2XhZXV1bPB4OROuknvUXI7ZQNofieCPkmE26stEJ9zdQuvIxDHCuYhfgxFAAs+Q==",
      "requires": {
        "foreach": "^2.0.4"
      }
    },
    "typescript": {
      "version": "4.3.5",
      "resolved": "https://registry.npmjs.org/typescript/-/typescript-4.3.5.tgz",
      "integrity": "sha512-DqQgihaQ9cUrskJo9kIyW/+g0Vxsk8cDtZ52a3NGh0YNTfpUSArXSohyUGnvbPazEPLu398C0UxmKSOrPumUzA==",
      "dev": true
    }
  }
}
